
Microsoft Visual Studio Solution File, Format Version 12.00
# Visual Studio Version 16
VisualStudioVersion = 16.0.33529.622
MinimumVisualStudioVersion = 10.0.40219.1
Project("{FAE04EC0-301F-11D3-BF4B-00C04F79EFBC}") = "SkillTest", "SkillTest\SkillTest.csproj", "{2F58D9E2-C94B-4ED9-890E-E7C5112F69B9}"
EndProject
Global
	GlobalSection(SolutionConfigurationPlatforms) = preSolution
		Debug|Any CPU = Debug|Any CPU
		Release|Any CPU = Release|Any CPU
	EndGlobalSection
	GlobalSection(ProjectConfigurationPlatforms) = postSolution
		{2F58D9E2-C94B-4ED9-890E-E7C5112F69B9}.Debug|Any CPU.ActiveCfg = Debug|Any CPU
		{2F58D9E2-C94B-4ED9-890E-E7C5112F69B9}.Debug|Any CPU.Build.0 = Debug|Any CPU
		{2F58D9E2-C94B-4ED9-890E-E7C5112F69B9}.Release|Any CPU.ActiveCfg = Release|Any CPU
		{2F58D9E2-C94B-4ED9-890E-E7C5112F69B9}.Release|Any CPU.Build.0 = Release|Any CPU
	EndGlobalSection
	GlobalSection(SolutionProperties) = preSolution
		HideSolutionNode = FALSE
	EndGlobalSection
	GlobalSection(ExtensibilityGlobals) = postSolution
		SolutionGuid = {54DA9DB6-80E8-446F-B9D9-8F611B17D666}
	EndGlobalSection
EndGlobal
